// !$*UTF8*$!
{
	archiveVersion = 1;
	classes = {
	};
	objectVersion = 46;
	objects = {

/* Begin PBXBuildFile section */
		214D425101C6917D45303588 /* Main.storyboard in Resources */ = {isa = PBXBuildFile; fileRef = 214D471C58FDD2B26E4F74EC /* Main.storyboard */; };
		214D4484F93BE3CC8B57DA50 /* LaunchScreen.storyboard in Resources */ = {isa = PBXBuildFile; fileRef = 214D4C6779CDFEBE06700906 /* LaunchScreen.storyboard */; };
		214D4E7AE55994DFB2702B16 /* Assets.xcassets in Resources */ = {isa = PBXBuildFile; fileRef = 214D4A2CEB2AE6E23A6082E7 /* Assets.xcassets */; };
/* End PBXBuildFile section */

/* Begin PBXFileReference section */
		214D4061F19360FB0933BF8A /* build.gradle.kts */ = {isa = PBXFileReference; lastKnownFileType = file.kts; path = build.gradle.kts; sourceTree = "<group>"; };
		214D4731618EDC4513923237 /* kotlin_framework.app */ = {isa = PBXFileReference; explicitFileType = wrapper.application; includeInIndex = 0; path = kotlin_framework.app; sourceTree = BUILT_PRODUCTS_DIR; };
		214D4737724BB6699617FB26 /* AppDelegate.kt */ = {isa = PBXFileReference; lastKnownFileType = file.kt; path = AppDelegate.kt; sourceTree = "<group>"; };
		214D4794E0084362D5FA58B9 /* gradle-wrapper.jar */ = {isa = PBXFileReference; lastKnownFileType = archive.jar; path = "gradle-wrapper.jar"; sourceTree = "<group>"; };
		214D4815FCE1A3548EA11B41 /* gradle-wrapper.properties */ = {isa = PBXFileReference; lastKnownFileType = file.properties; path = "gradle-wrapper.properties"; sourceTree = "<group>"; };
		214D48872B54266522A6356E /* gradlew */ = {isa = PBXFileReference; lastKnownFileType = text; path = gradlew; sourceTree = "<group>"; };
		214D4A09D42592C60746AC00 /* Info.plist */ = {isa = PBXFileReference; lastKnownFileType = text.plist.info; path = Info.plist; sourceTree = "<group>"; };
		214D4A2CEB2AE6E23A6082E7 /* Assets.xcassets */ = {isa = PBXFileReference; lastKnownFileType = folder.assetcatalog; path = Assets.xcassets; sourceTree = "<group>"; };
		214D4A4797DC8CD648D2A31D /* Base */ = {isa = PBXFileReference; lastKnownFileType = file.storyboard; name = Base; path = Base.lproj/Main.storyboard; sourceTree = "<group>"; };
		214D4BB4B000E5A2AAA879B7 /* build.gradle.kts */ = {isa = PBXFileReference; lastKnownFileType = file.kts; path = build.gradle.kts; sourceTree = "<group>"; };
		214D4C026221FB9594D6BF48 /* Base */ = {isa = PBXFileReference; lastKnownFileType = file.storyboard; name = Base; path = Base.lproj/LaunchScreen.storyboard; sourceTree = "<group>"; };
		214D4CFF399C9C339D90955E /* ViewController.kt */ = {isa = PBXFileReference; lastKnownFileType = file.kt; path = ViewController.kt; sourceTree = "<group>"; };
		214D4DA905DC4E29508F6BA7 /* main.kt */ = {isa = PBXFileReference; lastKnownFileType = file.kt; path = main.kt; sourceTree = "<group>"; };
		214D4F11649D7095B9148EC0 /* settings.gradle.kts */ = {isa = PBXFileReference; lastKnownFileType = file.kts; path = settings.gradle.kts; sourceTree = "<group>"; };
/* End PBXFileReference section */

/* Begin PBXFrameworksBuildPhase section */
		214D4C8112497E47D14931E8 /* Frameworks */ = {
			isa = PBXFrameworksBuildPhase;
			buildActionMask = 2147483647;
			files = (
			);
			runOnlyForDeploymentPostprocessing = 0;
		};
/* End PBXFrameworksBuildPhase section */

/* Begin PBXGroup section */
		214D40F54D14C89DAFA5220A /* kotlin_framework */ = {
			isa = PBXGroup;
			children = (
				214D4B9F406419F61CCBC0D2 /* Supporting Files */,
				214D4A09D42592C60746AC00 /* Info.plist */,
				214D4A2CEB2AE6E23A6082E7 /* Assets.xcassets */,
				214D4C6779CDFEBE06700906 /* LaunchScreen.storyboard */,
				214D471C58FDD2B26E4F74EC /* Main.storyboard */,
				214D4C5302F0B37985C4D888 /* src */,
			);
			path = kotlin_framework;
			sourceTree = "<group>";
		};
		214D430719CDF6BBBE2DE0BD /* gradle */ = {
			isa = PBXGroup;
			children = (
				214D44B2249386218C85C7B1 /* wrapper */,
			);
			path = gradle;
			sourceTree = "<group>";
		};
		214D449AA423507472523FE7 /* kotlin_frameworkMain */ = {
			isa = PBXGroup;
			children = (
				214D48E17149C2D32CEBE5D3 /* kotlin */,
			);
			path = kotlin_frameworkMain;
			sourceTree = "<group>";
		};
		214D44B2249386218C85C7B1 /* wrapper */ = {
			isa = PBXGroup;
			children = (
				214D4815FCE1A3548EA11B41 /* gradle-wrapper.properties */,
				214D4794E0084362D5FA58B9 /* gradle-wrapper.jar */,
			);
			path = wrapper;
			sourceTree = "<group>";
		};
		214D4611A6AF1BDEAE09C569 /* Supporting Files */ = {
			isa = PBXGroup;
			children = (
				214D4061F19360FB0933BF8A /* build.gradle.kts */,
				214D48872B54266522A6356E /* gradlew */,
				214D430719CDF6BBBE2DE0BD /* gradle */,
				214D4F11649D7095B9148EC0 /* settings.gradle.kts */,
			);
			path = "Supporting Files";
			sourceTree = "<group>";
		};
		214D47138FD6D5240C833AAF = {
			isa = PBXGroup;
			children = (
				214D4F09AD06B73A3A9B8A6E /* Products */,
				214D40F54D14C89DAFA5220A /* kotlin_framework */,
				214D4611A6AF1BDEAE09C569 /* Supporting Files */,
			);
			sourceTree = "<group>";
		};
		214D48E17149C2D32CEBE5D3 /* kotlin */ = {
			isa = PBXGroup;
			children = (
				214D4737724BB6699617FB26 /* AppDelegate.kt */,
				214D4CFF399C9C339D90955E /* ViewController.kt */,
				214D4DA905DC4E29508F6BA7 /* main.kt */,
			);
			path = kotlin;
			sourceTree = "<group>";
		};
		214D4B9F406419F61CCBC0D2 /* Supporting Files */ = {
			isa = PBXGroup;
			children = (
				214D4BB4B000E5A2AAA879B7 /* build.gradle.kts */,
			);
			name = "Supporting Files";
			sourceTree = "<group>";
		};
		214D4C5302F0B37985C4D888 /* src */ = {
			isa = PBXGroup;
			children = (
				214D449AA423507472523FE7 /* kotlin_frameworkMain */,
			);
			path = src;
			sourceTree = "<group>";
		};
		214D4F09AD06B73A3A9B8A6E /* Products */ = {
			isa = PBXGroup;
			children = (
				214D4731618EDC4513923237 /* kotlin_framework.app */,
			);
			name = Products;
			sourceTree = "<group>";
		};
/* End PBXGroup section */

/* Begin PBXNativeTarget section */
		214D413BA6FEC7A64F2FC553 /* kotlin_framework */ = {
			isa = PBXNativeTarget;
			buildConfigurationList = 214D47FCDD9384F960E28011 /* Build configuration list for PBXNativeTarget "kotlin_framework" */;
			buildPhases = (
				214D4EA97D49FCFB962FBEE3 /* Sources */,
				214D4C8112497E47D14931E8 /* Frameworks */,
				214D434121F2A9F95351A800 /* Resources */,
				214D4D16D114DF20A99110BF /* Compile Kotlin/Native */,
			);
			buildRules = (
			);
			dependencies = (
			);
			name = kotlin_framework;
			productName = kotlin_framework;
			productReference = 214D4731618EDC4513923237 /* kotlin_framework.app */;
			productType = "com.apple.product-type.application";
		};
/* End PBXNativeTarget section */

/* Begin PBXProject section */
		214D4027D23315BBB5C0A2AD /* Project object */ = {
			isa = PBXProject;
			attributes = {
				ORGANIZATIONNAME = "___FULLUSERNAME___";
			};
			buildConfigurationList = 214D49B7469339E8EBA76B07 /* Build configuration list for PBXProject "kotlin_framework" */;
			compatibilityVersion = "Xcode 3.2";
			developmentRegion = English;
			hasScannedForEncodings = 0;
			knownRegions = (
				English,
				en,
				Base,
			);
			mainGroup = 214D47138FD6D5240C833AAF;
			productRefGroup = 214D4F09AD06B73A3A9B8A6E /* Products */;
			projectDirPath = "";
			projectRoot = "";
			targets = (
				214D413BA6FEC7A64F2FC553 /* kotlin_framework */,
			);
		};
/* End PBXProject section */

/* Begin PBXResourcesBuildPhase section */
		214D434121F2A9F95351A800 /* Resources */ = {
			isa = PBXResourcesBuildPhase;
			buildActionMask = 2147483647;
			files = (
				214D4E7AE55994DFB2702B16 /* Assets.xcassets in Resources */,
				214D4484F93BE3CC8B57DA50 /* LaunchScreen.storyboard in Resources */,
				214D425101C6917D45303588 /* Main.storyboard in Resources */,
			);
			runOnlyForDeploymentPostprocessing = 0;
		};
/* End PBXResourcesBuildPhase section */

/* Begin PBXShellScriptBuildPhase section */
		214D4D16D114DF20A99110BF /* Compile Kotlin/Native */ = {
			isa = PBXShellScriptBuildPhase;
			buildActionMask = 2147483647;
			files = (
			);
			inputPaths = (
			);
			name = "Compile Kotlin/Native";
			outputPaths = (
			);
			runOnlyForDeploymentPostprocessing = 0;
			shellPath = /bin/sh;
			shellScript = "rm -f \"$TARGET_BUILD_DIR/$EXECUTABLE_PATH\"\n#if [ -z \"$KOTLIN_NATIVE_BUILD_CAPABLE\" ]; then\n  cd \"$SRCROOT/Supporting Files\"\n  sh -c \". gradlew buildForXcode\"\n#fi\ncp \"$TARGET_BUILD_DIR/$TARGET_NAME.kexe\" \"$TARGET_BUILD_DIR/$EXECUTABLE_PATH\"\n";
		};
/* End PBXShellScriptBuildPhase section */

/* Begin PBXSourcesBuildPhase section */
		214D4EA97D49FCFB962FBEE3 /* Sources */ = {
			isa = PBXSourcesBuildPhase;
			buildActionMask = 2147483647;
			files = (
			);
			runOnlyForDeploymentPostprocessing = 0;
		};
/* End PBXSourcesBuildPhase section */

/* Begin PBXVariantGroup section */
		214D471C58FDD2B26E4F74EC /* Main.storyboard */ = {
			isa = PBXVariantGroup;
			children = (
				214D4A4797DC8CD648D2A31D /* Base */,
			);
			name = Main.storyboard;
			sourceTree = "<group>";
		};
		214D4C6779CDFEBE06700906 /* LaunchScreen.storyboard */ = {
			isa = PBXVariantGroup;
			children = (
				214D4C026221FB9594D6BF48 /* Base */,
			);
			name = LaunchScreen.storyboard;
			sourceTree = "<group>";
		};
/* End PBXVariantGroup section */

/* Begin XCBuildConfiguration section */
		214D44319BF38D7D0BBB973A /* Release */ = {
			isa = XCBuildConfiguration;
			buildSettings = {
				ALWAYS_SEARCH_USER_PATHS = NO;
				CLANG_ANALYZER_NONNULL = YES;
				CLANG_ANALYZER_NUMBER_OBJECT_CONVERSION = YES_AGGRESSIVE;
				CLANG_CXX_LANGUAGE_STANDARD = "gnu++14";
				CLANG_CXX_LIBRARY = "libc++";
				CLANG_ENABLE_MODULES = YES;
				CLANG_ENABLE_OBJC_ARC = YES;
				CLANG_ENABLE_OBJC_WEAK = YES;
				CLANG_WARN_BLOCK_CAPTURE_AUTORELEASING = YES;
				CLANG_WARN_BOOL_CONVERSION = YES;
				CLANG_WARN_COMMA = YES;
				CLANG_WARN_CONSTANT_CONVERSION = YES;
				CLANG_WARN_DEPRECATED_OBJC_IMPLEMENTATIONS = YES;
				CLANG_WARN_DIRECT_OBJC_ISA_USAGE = YES_ERROR;
				CLANG_WARN_DOCUMENTATION_COMMENTS = YES;
				CLANG_WARN_EMPTY_BODY = YES;
				CLANG_WARN_ENUM_CONVERSION = YES;
				CLANG_WARN_INFINITE_RECURSION = YES;
				CLANG_WARN_INT_CONVERSION = YES;
				CLANG_WARN_NON_LITERAL_NULL_CONVERSION = YES;
				CLANG_WARN_OBJC_IMPLICIT_RETAIN_SELF = YES;
				CLANG_WARN_OBJC_LITERAL_CONVERSION = YES;
				CLANG_WARN_OBJC_ROOT_CLASS = YES_ERROR;
				CLANG_WARN_RANGE_LOOP_ANALYSIS = YES;
				CLANG_WARN_STRICT_PROTOTYPES = YES;
				CLANG_WARN_SUSPICIOUS_MOVE = YES;
				CLANG_WARN_UNGUARDED_AVAILABILITY = YES_AGGRESSIVE;
				CLANG_WARN_UNREACHABLE_CODE = YES;
				CLANG_WARN__DUPLICATE_METHOD_MATCH = YES;
				CODE_SIGN_IDENTITY = "iPhone Developer";
				COPY_PHASE_STRIP = NO;
				DEBUG_INFORMATION_FORMAT = "dwarf-with-dsym";
				ENABLE_NS_ASSERTIONS = NO;
				ENABLE_STRICT_OBJC_MSGSEND = YES;
				GCC_C_LANGUAGE_STANDARD = gnu11;
				GCC_NO_COMMON_BLOCKS = YES;
				GCC_WARN_64_TO_32_BIT_CONVERSION = YES;
				GCC_WARN_ABOUT_RETURN_TYPE = YES_ERROR;
				GCC_WARN_UNDECLARED_SELECTOR = YES;
				GCC_WARN_UNINITIALIZED_AUTOS = YES_AGGRESSIVE;
				GCC_WARN_UNUSED_FUNCTION = YES;
				GCC_WARN_UNUSED_VARIABLE = YES;
				IPHONEOS_DEPLOYMENT_TARGET = 12.4;
				MTL_ENABLE_DEBUG_INFO = NO;
				MTL_FAST_MATH = YES;
				SDKROOT = iphoneos;
				VALIDATE_PRODUCT = YES;
			};
			name = Release;
		};
		214D4A7D7D5D3700F431A8EF /* Debug */ = {
			isa = XCBuildConfiguration;
			buildSettings = {
				ALWAYS_SEARCH_USER_PATHS = NO;
				CLANG_ANALYZER_NONNULL = YES;
				CLANG_ANALYZER_NUMBER_OBJECT_CONVERSION = YES_AGGRESSIVE;
				CLANG_CXX_LANGUAGE_STANDARD = "gnu++14";
				CLANG_CXX_LIBRARY = "libc++";
				CLANG_ENABLE_MODULES = YES;
				CLANG_ENABLE_OBJC_ARC = YES;
				CLANG_ENABLE_OBJC_WEAK = YES;
				CLANG_WARN_BLOCK_CAPTURE_AUTORELEASING = YES;
				CLANG_WARN_BOOL_CONVERSION = YES;
				CLANG_WARN_COMMA = YES;
				CLANG_WARN_CONSTANT_CONVERSION = YES;
				CLANG_WARN_DEPRECATED_OBJC_IMPLEMENTATIONS = YES;
				CLANG_WARN_DIRECT_OBJC_ISA_USAGE = YES_ERROR;
				CLANG_WARN_DOCUMENTATION_COMMENTS = YES;
				CLANG_WARN_EMPTY_BODY = YES;
				CLANG_WARN_ENUM_CONVERSION = YES;
				CLANG_WARN_INFINITE_RECURSION = YES;
				CLANG_WARN_INT_CONVERSION = YES;
				CLANG_WARN_NON_LITERAL_NULL_CONVERSION = YES;
				CLANG_WARN_OBJC_IMPLICIT_RETAIN_SELF = YES;
				CLANG_WARN_OBJC_LITERAL_CONVERSION = YES;
				CLANG_WARN_OBJC_ROOT_CLASS = YES_ERROR;
				CLANG_WARN_RANGE_LOOP_ANALYSIS = YES;
				CLANG_WARN_STRICT_PROTOTYPES = YES;
				CLANG_WARN_SUSPICIOUS_MOVE = YES;
				CLANG_WARN_UNGUARDED_AVAILABILITY = YES_AGGRESSIVE;
				CLANG_WARN_UNREACHABLE_CODE = YES;
				CLANG_WARN__DUPLICATE_METHOD_MATCH = YES;
				CODE_SIGN_IDENTITY = "iPhone Developer";
				COPY_PHASE_STRIP = NO;
				DEBUG_INFORMATION_FORMAT = dwarf;
				ENABLE_STRICT_OBJC_MSGSEND = YES;
				ENABLE_TESTABILITY = YES;
				GCC_C_LANGUAGE_STANDARD = gnu11;
				GCC_DYNAMIC_NO_PIC = NO;
				GCC_NO_COMMON_BLOCKS = YES;
				GCC_OPTIMIZATION_LEVEL = 0;
				GCC_PREPROCESSOR_DEFINITIONS = (
					"DEBUG=1",
					"$(inherited)",
				);
				GCC_WARN_64_TO_32_BIT_CONVERSION = YES;
				GCC_WARN_ABOUT_RETURN_TYPE = YES_ERROR;
				GCC_WARN_UNDECLARED_SELECTOR = YES;
				GCC_WARN_UNINITIALIZED_AUTOS = YES_AGGRESSIVE;
				GCC_WARN_UNUSED_FUNCTION = YES;
				GCC_WARN_UNUSED_VARIABLE = YES;
				IPHONEOS_DEPLOYMENT_TARGET = 12.4;
				MTL_ENABLE_DEBUG_INFO = INCLUDE_SOURCE;
				MTL_FAST_MATH = YES;
				ONLY_ACTIVE_ARCH = YES;
				SDKROOT = iphoneos;
			};
			name = Debug;
		};
		214D4DC1542A409EFB480DD8 /* Release */ = {
			isa = XCBuildConfiguration;
			buildSettings = {
				ASSETCATALOG_COMPILER_APPICON_NAME = AppIcon;
				INFOPLIST_FILE = kotlin_framework/Info.plist;
				LD_RUNPATH_SEARCH_PATHS = "$(inherited) @executable_path/Frameworks";
				PRODUCT_BUNDLE_IDENTIFIER = "app.kotlin-framework";
				PRODUCT_NAME = "$(TARGET_NAME)";
				TARGETED_DEVICE_FAMILY = "1,2";
				VALID_ARCHS = arm64;
			};
			name = Release;
		};
		214D4F3B5D8382A5D3600B84 /* Debug */ = {
			isa = XCBuildConfiguration;
			buildSettings = {
				ASSETCATALOG_COMPILER_APPICON_NAME = AppIcon;
				INFOPLIST_FILE = kotlin_framework/Info.plist;
				LD_RUNPATH_SEARCH_PATHS = "$(inherited) @executable_path/Frameworks";
				PRODUCT_BUNDLE_IDENTIFIER = "app.kotlin-framework";
				PRODUCT_NAME = "$(TARGET_NAME)";
				TARGETED_DEVICE_FAMILY = "1,2";
				VALID_ARCHS = arm64;
			};
			name = Debug;
		};
/* End XCBuildConfiguration section */

/* Begin XCConfigurationList section */
		214D47FCDD9384F960E28011 /* Build configuration list for PBXNativeTarget "kotlin_framework" */ = {
			isa = XCConfigurationList;
			buildConfigurations = (
				214D4F3B5D8382A5D3600B84 /* Debug */,
				214D4DC1542A409EFB480DD8 /* Release */,
			);
			defaultConfigurationIsVisible = 0;
			defaultConfigurationName = Release;
		};
		214D49B7469339E8EBA76B07 /* Build configuration list for PBXProject "kotlin_framework" */ = {
			isa = XCConfigurationList;
			buildConfigurations = (
				214D4A7D7D5D3700F431A8EF /* Debug */,
				214D44319BF38D7D0BBB973A /* Release */,
			);
			defaultConfigurationIsVisible = 0;
			defaultConfigurationName = Release;
		};
/* End XCConfigurationList section */
	};
	rootObject = 214D4027D23315BBB5C0A2AD /* Project object */;
}
