<?xml version="1.0" encoding="UTF-8"?>
<Scheme
   version = "1.3">
   <BuildAction>
      <BuildActionEntries>
         <BuildActionEntry
            buildForRunning = "YES">
            <BuildableReference
               BuildableIdentifier = "primary"
               BlueprintIdentifier = "214D413BA6FEC7A64F2FC553"
               BuildableName = "kotlin_framework.app"
               BlueprintName = "kotlin_framework"
               ReferencedContainer = "container:kotlin_framework.xcodeproj">
            </BuildableReference>
         </BuildActionEntry>
      </BuildActionEntries>
   </BuildAction>
   <LaunchAction
      useCustomWorkingDirectory = "NO"
      buildConfiguration = "Debug"
      allowLocationSimulation = "YES">
      <BuildableProductRunnable>
         <BuildableReference
            BuildableIdentifier = "primary"
            BlueprintIdentifier = "214D413BA6FEC7A64F2FC553"
            BuildableName = "kotlin_framework.app"
            BlueprintName = "kotlin_framework"
            ReferencedContainer = "container:kotlin_framework.xcodeproj">
         </BuildableReference>
      </BuildableProductRunnable>
   </LaunchAction>
</Scheme>
